// !$*UTF8*$!
{
	archiveVersion = 1;
	classes = {
	};
	objectVersion = 50;
	objects = {

/* Begin PBXBuildFile section */
		1310CD074DACF8B0F9EBD361 /* libPods-NYSCake_Demo.a in Frameworks */ = {isa = PBXBuildFile; fileRef = 244C1023C2CACA5C463C6CCB /* libPods-NYSCake_Demo.a */; };
		AA45BFF305902FEE00079838 /* libPods-NYSCake_DemoTests.a in Frameworks */ = {isa = PBXBuildFile; fileRef = F1CC3A06DD924669A64C57A1 /* libPods-NYSCake_DemoTests.a */; };
		C8ABF83A2159C60D00F3D3E1 /* AppDelegate.m in Sources */ = {isa = PBXBuildFile; fileRef = C8ABF8392159C60D00F3D3E1 /* AppDelegate.m */; };
		C8ABF8402159C60D00F3D3E1 /* Main.storyboard in Resources */ = {isa = PBXBuildFile; fileRef = C8ABF83E2159C60D00F3D3E1 /* Main.storyboard */; };
		C8ABF8422159C60E00F3D3E1 /* Assets.xcassets in Resources */ = {isa = PBXBuildFile; fileRef = C8ABF8412159C60E00F3D3E1 /* Assets.xcassets */; };
		C8ABF8452159C60E00F3D3E1 /* LaunchScreen.storyboard in Resources */ = {isa = PBXBuildFile; fileRef = C8ABF8432159C60E00F3D3E1 /* LaunchScreen.storyboard */; };
		C8ABF8482159C60E00F3D3E1 /* main.m in Sources */ = {isa = PBXBuildFile; fileRef = C8ABF8472159C60E00F3D3E1 /* main.m */; };
		C8ABF8522159C60E00F3D3E1 /* NYSCake_DemoTests.m in Sources */ = {isa = PBXBuildFile; fileRef = C8ABF8512159C60E00F3D3E1 /* NYSCake_DemoTests.m */; };
		C8ABF8732159CB4000F3D3E1 /* NYSCSheelViewController.m in Sources */ = {isa = PBXBuildFile; fileRef = C8ABF8712159CB4000F3D3E1 /* NYSCSheelViewController.m */; };
		C8ABF8742159CB4000F3D3E1 /* NYSCSheelViewController.xib in Resources */ = {isa = PBXBuildFile; fileRef = C8ABF8722159CB4000F3D3E1 /* NYSCSheelViewController.xib */; };
		C8ABF8782159CB5500F3D3E1 /* NYSCApplicationViewController.m in Sources */ = {isa = PBXBuildFile; fileRef = C8ABF8762159CB5500F3D3E1 /* NYSCApplicationViewController.m */; };
		C8ABF8792159CB5500F3D3E1 /* NYSCApplicationViewController.xib in Resources */ = {isa = PBXBuildFile; fileRef = C8ABF8772159CB5500F3D3E1 /* NYSCApplicationViewController.xib */; };
/* End PBXBuildFile section */

/* Begin PBXContainerItemProxy section */
		C8ABF84E2159C60E00F3D3E1 /* PBXContainerItemProxy */ = {
			isa = PBXContainerItemProxy;
			containerPortal = C8ABF82D2159C60D00F3D3E1 /* Project object */;
			proxyType = 1;
			remoteGlobalIDString = C8ABF8342159C60D00F3D3E1;
			remoteInfo = NYSCake_Demo;
		};
/* End PBXContainerItemProxy section */

/* Begin PBXFileReference section */
		0FA05448C9267F7C91B7F7B7 /* Pods-NYSCake_DemoTests.debug.xcconfig */ = {isa = PBXFileReference; includeInIndex = 1; lastKnownFileType = text.xcconfig; name = "Pods-NYSCake_DemoTests.debug.xcconfig"; path = "Pods/Target Support Files/Pods-NYSCake_DemoTests/Pods-NYSCake_DemoTests.debug.xcconfig"; sourceTree = "<group>"; };
		244C1023C2CACA5C463C6CCB /* libPods-NYSCake_Demo.a */ = {isa = PBXFileReference; explicitFileType = archive.ar; includeInIndex = 0; path = "libPods-NYSCake_Demo.a"; sourceTree = BUILT_PRODUCTS_DIR; };
		70AA5E327645D4B566B394F8 /* Pods-NYSCake_DemoTests.release.xcconfig */ = {isa = PBXFileReference; includeInIndex = 1; lastKnownFileType = text.xcconfig; name = "Pods-NYSCake_DemoTests.release.xcconfig"; path = "Pods/Target Support Files/Pods-NYSCake_DemoTests/Pods-NYSCake_DemoTests.release.xcconfig"; sourceTree = "<group>"; };
		9912D4030BDB8686A0AA8168 /* Pods-NYSCake_Demo.debug.xcconfig */ = {isa = PBXFileReference; includeInIndex = 1; lastKnownFileType = text.xcconfig; name = "Pods-NYSCake_Demo.debug.xcconfig"; path = "Pods/Target Support Files/Pods-NYSCake_Demo/Pods-NYSCake_Demo.debug.xcconfig"; sourceTree = "<group>"; };
		C8ABF8352159C60D00F3D3E1 /* NYSCake_Demo.app */ = {isa = PBXFileReference; explicitFileType = wrapper.application; includeInIndex = 0; path = NYSCake_Demo.app; sourceTree = BUILT_PRODUCTS_DIR; };
		C8ABF8382159C60D00F3D3E1 /* AppDelegate.h */ = {isa = PBXFileReference; lastKnownFileType = sourcecode.c.h; path = AppDelegate.h; sourceTree = "<group>"; };
		C8ABF8392159C60D00F3D3E1 /* AppDelegate.m */ = {isa = PBXFileReference; lastKnownFileType = sourcecode.c.objc; path = AppDelegate.m; sourceTree = "<group>"; };
		C8ABF83F2159C60D00F3D3E1 /* Base */ = {isa = PBXFileReference; lastKnownFileType = file.storyboard; name = Base; path = Base.lproj/Main.storyboard; sourceTree = "<group>"; };
		C8ABF8412159C60E00F3D3E1 /* Assets.xcassets */ = {isa = PBXFileReference; lastKnownFileType = folder.assetcatalog; path = Assets.xcassets; sourceTree = "<group>"; };
		C8ABF8442159C60E00F3D3E1 /* Base */ = {isa = PBXFileReference; lastKnownFileType = file.storyboard; name = Base; path = Base.lproj/LaunchScreen.storyboard; sourceTree = "<group>"; };
		C8ABF8462159C60E00F3D3E1 /* Info.plist */ = {isa = PBXFileReference; lastKnownFileType = text.plist.xml; path = Info.plist; sourceTree = "<group>"; };
		C8ABF8472159C60E00F3D3E1 /* main.m */ = {isa = PBXFileReference; lastKnownFileType = sourcecode.c.objc; path = main.m; sourceTree = "<group>"; };
		C8ABF84D2159C60E00F3D3E1 /* NYSCake_DemoTests.xctest */ = {isa = PBXFileReference; explicitFileType = wrapper.cfbundle; includeInIndex = 0; path = NYSCake_DemoTests.xctest; sourceTree = BUILT_PRODUCTS_DIR; };
		C8ABF8512159C60E00F3D3E1 /* NYSCake_DemoTests.m */ = {isa = PBXFileReference; lastKnownFileType = sourcecode.c.objc; path = NYSCake_DemoTests.m; sourceTree = "<group>"; };
		C8ABF8532159C60E00F3D3E1 /* Info.plist */ = {isa = PBXFileReference; lastKnownFileType = text.plist.xml; path = Info.plist; sourceTree = "<group>"; };
		C8ABF8702159CB4000F3D3E1 /* NYSCSheelViewController.h */ = {isa = PBXFileReference; lastKnownFileType = sourcecode.c.h; path = NYSCSheelViewController.h; sourceTree = "<group>"; };
		C8ABF8712159CB4000F3D3E1 /* NYSCSheelViewController.m */ = {isa = PBXFileReference; lastKnownFileType = sourcecode.c.objc; path = NYSCSheelViewController.m; sourceTree = "<group>"; };
		C8ABF8722159CB4000F3D3E1 /* NYSCSheelViewController.xib */ = {isa = PBXFileReference; lastKnownFileType = file.xib; path = NYSCSheelViewController.xib; sourceTree = "<group>"; };
		C8ABF8752159CB5500F3D3E1 /* NYSCApplicationViewController.h */ = {isa = PBXFileReference; lastKnownFileType = sourcecode.c.h; path = NYSCApplicationViewController.h; sourceTree = "<group>"; };
		C8ABF8762159CB5500F3D3E1 /* NYSCApplicationViewController.m */ = {isa = PBXFileReference; lastKnownFileType = sourcecode.c.objc; path = NYSCApplicationViewController.m; sourceTree = "<group>"; };
		C8ABF8772159CB5500F3D3E1 /* NYSCApplicationViewController.xib */ = {isa = PBXFileReference; lastKnownFileType = file.xib; path = NYSCApplicationViewController.xib; sourceTree = "<group>"; };
		EC3A70C787BF5676D7BE30CA /* Pods-NYSCake_Demo.release.xcconfig */ = {isa = PBXFileReference; includeInIndex = 1; lastKnownFileType = text.xcconfig; name = "Pods-NYSCake_Demo.release.xcconfig"; path = "Pods/Target Support Files/Pods-NYSCake_Demo/Pods-NYSCake_Demo.release.xcconfig"; sourceTree = "<group>"; };
		F1CC3A06DD924669A64C57A1 /* libPods-NYSCake_DemoTests.a */ = {isa = PBXFileReference; explicitFileType = archive.ar; includeInIndex = 0; path = "libPods-NYSCake_DemoTests.a"; sourceTree = BUILT_PRODUCTS_DIR; };
/* End PBXFileReference section */

/* Begin PBXFrameworksBuildPhase section */
		C8ABF8322159C60D00F3D3E1 /* Frameworks */ = {
			isa = PBXFrameworksBuildPhase;
			buildActionMask = 2147483647;
			files = (
				1310CD074DACF8B0F9EBD361 /* libPods-NYSCake_Demo.a in Frameworks */,
			);
			runOnlyForDeploymentPostprocessing = 0;
		};
		C8ABF84A2159C60E00F3D3E1 /* Frameworks */ = {
			isa = PBXFrameworksBuildPhase;
			buildActionMask = 2147483647;
			files = (
				AA45BFF305902FEE00079838 /* libPods-NYSCake_DemoTests.a in Frameworks */,
			);
			runOnlyForDeploymentPostprocessing = 0;
		};
/* End PBXFrameworksBuildPhase section */

/* Begin PBXGroup section */
		985F25AE020EED570F5F8AD1 /* Frameworks */ = {
			isa = PBXGroup;
			children = (
				244C1023C2CACA5C463C6CCB /* libPods-NYSCake_Demo.a */,
				F1CC3A06DD924669A64C57A1 /* libPods-NYSCake_DemoTests.a */,
			);
			name = Frameworks;
			sourceTree = "<group>";
		};
		A69B65E38FE214F7F439AD63 /* Pods */ = {
			isa = PBXGroup;
			children = (
				9912D4030BDB8686A0AA8168 /* Pods-NYSCake_Demo.debug.xcconfig */,
				EC3A70C787BF5676D7BE30CA /* Pods-NYSCake_Demo.release.xcconfig */,
				0FA05448C9267F7C91B7F7B7 /* Pods-NYSCake_DemoTests.debug.xcconfig */,
				70AA5E327645D4B566B394F8 /* Pods-NYSCake_DemoTests.release.xcconfig */,
			);
			name = Pods;
			sourceTree = "<group>";
		};
		C800D6CE215B81EB00ED5DD5 /* Sheel */ = {
			isa = PBXGroup;
			children = (
				C8ABF8702159CB4000F3D3E1 /* NYSCSheelViewController.h */,
				C8ABF8712159CB4000F3D3E1 /* NYSCSheelViewController.m */,
				C8ABF8722159CB4000F3D3E1 /* NYSCSheelViewController.xib */,
			);
			path = Sheel;
			sourceTree = "<group>";
		};
		C800D6CF215B81F500ED5DD5 /* Application */ = {
			isa = PBXGroup;
			children = (
				C8ABF8752159CB5500F3D3E1 /* NYSCApplicationViewController.h */,
				C8ABF8762159CB5500F3D3E1 /* NYSCApplicationViewController.m */,
				C8ABF8772159CB5500F3D3E1 /* NYSCApplicationViewController.xib */,
			);
			path = Application;
			sourceTree = "<group>";
		};
		C8ABF82C2159C60D00F3D3E1 = {
			isa = PBXGroup;
			children = (
				C8ABF8372159C60D00F3D3E1 /* NYSCake_Demo */,
				C8ABF8502159C60E00F3D3E1 /* NYSCake_DemoTests */,
				C8ABF8362159C60D00F3D3E1 /* Products */,
				A69B65E38FE214F7F439AD63 /* Pods */,
				985F25AE020EED570F5F8AD1 /* Frameworks */,
			);
			sourceTree = "<group>";
		};
		C8ABF8362159C60D00F3D3E1 /* Products */ = {
			isa = PBXGroup;
			children = (
				C8ABF8352159C60D00F3D3E1 /* NYSCake_Demo.app */,
				C8ABF84D2159C60E00F3D3E1 /* NYSCake_DemoTests.xctest */,
			);
			name = Products;
			sourceTree = "<group>";
		};
		C8ABF8372159C60D00F3D3E1 /* NYSCake_Demo */ = {
			isa = PBXGroup;
			children = (
				C800D6CE215B81EB00ED5DD5 /* Sheel */,
				C800D6CF215B81F500ED5DD5 /* Application */,
				C8ABF8382159C60D00F3D3E1 /* AppDelegate.h */,
				C8ABF8392159C60D00F3D3E1 /* AppDelegate.m */,
				C8ABF83E2159C60D00F3D3E1 /* Main.storyboard */,
				C8ABF8412159C60E00F3D3E1 /* Assets.xcassets */,
				C8ABF8432159C60E00F3D3E1 /* LaunchScreen.storyboard */,
				C8ABF8462159C60E00F3D3E1 /* Info.plist */,
				C8ABF8472159C60E00F3D3E1 /* main.m */,
			);
			path = NYSCake_Demo;
			sourceTree = "<group>";
		};
		C8ABF8502159C60E00F3D3E1 /* NYSCake_DemoTests */ = {
			isa = PBXGroup;
			children = (
				C8ABF8512159C60E00F3D3E1 /* NYSCake_DemoTests.m */,
				C8ABF8532159C60E00F3D3E1 /* Info.plist */,
			);
			path = NYSCake_DemoTests;
			sourceTree = "<group>";
		};
/* End PBXGroup section */

/* Begin PBXNativeTarget section */
		C8ABF8342159C60D00F3D3E1 /* NYSCake_Demo */ = {
			isa = PBXNativeTarget;
			buildConfigurationList = C8ABF8562159C60E00F3D3E1 /* Build configuration list for PBXNativeTarget "NYSCake_Demo" */;
			buildPhases = (
				4C9B1F88B2033D834182BE16 /* [CP] Check Pods Manifest.lock */,
				C8ABF8312159C60D00F3D3E1 /* Sources */,
				C8ABF8322159C60D00F3D3E1 /* Frameworks */,
				C8ABF8332159C60D00F3D3E1 /* Resources */,
				50A5E372A7D32712D5D765C1 /* [CP] Copy Pods Resources */,
			);
			buildRules = (
			);
			dependencies = (
			);
			name = NYSCake_Demo;
			productName = NYSCake_Demo;
			productReference = C8ABF8352159C60D00F3D3E1 /* NYSCake_Demo.app */;
			productType = "com.apple.product-type.application";
		};
		C8ABF84C2159C60E00F3D3E1 /* NYSCake_DemoTests */ = {
			isa = PBXNativeTarget;
			buildConfigurationList = C8ABF8592159C60E00F3D3E1 /* Build configuration list for PBXNativeTarget "NYSCake_DemoTests" */;
			buildPhases = (
				CD1A63126CE9120E79B4CFE6 /* [CP] Check Pods Manifest.lock */,
				C8ABF8492159C60E00F3D3E1 /* Sources */,
				C8ABF84A2159C60E00F3D3E1 /* Frameworks */,
				C8ABF84B2159C60E00F3D3E1 /* Resources */,
			);
			buildRules = (
			);
			dependencies = (
				C8ABF84F2159C60E00F3D3E1 /* PBXTargetDependency */,
			);
			name = NYSCake_DemoTests;
			productName = NYSCake_DemoTests;
			productReference = C8ABF84D2159C60E00F3D3E1 /* NYSCake_DemoTests.xctest */;
			productType = "com.apple.product-type.bundle.unit-test";
		};
/* End PBXNativeTarget section */

/* Begin PBXProject section */
		C8ABF82D2159C60D00F3D3E1 /* Project object */ = {
			isa = PBXProject;
			attributes = {
				CLASSPREFIX = NYSC;
				LastUpgradeCheck = 1000;
				ORGANIZATIONNAME = NiYongsheng;
				TargetAttributes = {
					C8ABF8342159C60D00F3D3E1 = {
						CreatedOnToolsVersion = 10.0;
					};
					C8ABF84C2159C60E00F3D3E1 = {
						CreatedOnToolsVersion = 10.0;
						TestTargetID = C8ABF8342159C60D00F3D3E1;
					};
				};
			};
			buildConfigurationList = C8ABF8302159C60D00F3D3E1 /* Build configuration list for PBXProject "NYSCake_Demo" */;
			compatibilityVersion = "Xcode 9.3";
			developmentRegion = en;
			hasScannedForEncodings = 0;
			knownRegions = (
				en,
				Base,
			);
			mainGroup = C8ABF82C2159C60D00F3D3E1;
			productRefGroup = C8ABF8362159C60D00F3D3E1 /* Products */;
			projectDirPath = "";
			projectRoot = "";
			targets = (
				C8ABF8342159C60D00F3D3E1 /* NYSCake_Demo */,
				C8ABF84C2159C60E00F3D3E1 /* NYSCake_DemoTests */,
			);
		};
/* End PBXProject section */

/* Begin PBXResourcesBuildPhase section */
		C8ABF8332159C60D00F3D3E1 /* Resources */ = {
			isa = PBXResourcesBuildPhase;
			buildActionMask = 2147483647;
			files = (
				C8ABF8742159CB4000F3D3E1 /* NYSCSheelViewController.xib in Resources */,
				C8ABF8452159C60E00F3D3E1 /* LaunchScreen.storyboard in Resources */,
				C8ABF8422159C60E00F3D3E1 /* Assets.xcassets in Resources */,
				C8ABF8792159CB5500F3D3E1 /* NYSCApplicationViewController.xib in Resources */,
				C8ABF8402159C60D00F3D3E1 /* Main.storyboard in Resources */,
			);
			runOnlyForDeploymentPostprocessing = 0;
		};
		C8ABF84B2159C60E00F3D3E1 /* Resources */ = {
			isa = PBXResourcesBuildPhase;
			buildActionMask = 2147483647;
			files = (
			);
			runOnlyForDeploymentPostprocessing = 0;
		};
/* End PBXResourcesBuildPhase section */

/* Begin PBXShellScriptBuildPhase section */
		4C9B1F88B2033D834182BE16 /* [CP] Check Pods Manifest.lock */ = {
			isa = PBXShellScriptBuildPhase;
			buildActionMask = 2147483647;
			files = (
			);
			inputPaths = (
				"${PODS_PODFILE_DIR_PATH}/Podfile.lock",
				"${PODS_ROOT}/Manifest.lock",
			);
			name = "[CP] Check Pods Manifest.lock";
			outputPaths = (
				"$(DERIVED_FILE_DIR)/Pods-NYSCake_Demo-checkManifestLockResult.txt",
			);
			runOnlyForDeploymentPostprocessing = 0;
			shellPath = /bin/sh;
			shellScript = "diff \"${PODS_PODFILE_DIR_PATH}/Podfile.lock\" \"${PODS_ROOT}/Manifest.lock\" > /dev/null\nif [ $? != 0 ] ; then\n    # print error to STDERR\n    echo \"error: The sandbox is not in sync with the Podfile.lock. Run 'pod install' or update your CocoaPods installation.\" >&2\n    exit 1\nfi\n# This output is used by Xcode 'outputs' to avoid re-running this script phase.\necho \"SUCCESS\" > \"${SCRIPT_OUTPUT_FILE_0}\"\n";
			showEnvVarsInLog = 0;
		};
		50A5E372A7D32712D5D765C1 /* [CP] Copy Pods Resources */ = {
			isa = PBXShellScriptBuildPhase;
			buildActionMask = 2147483647;
			files = (
			);
			inputPaths = (
				"${SRCROOT}/Pods/Target Support Files/Pods-NYSCake_Demo/Pods-NYSCake_Demo-resources.sh",
				"${PODS_ROOT}/NYSMC/Resources/images.bundle",
			);
			name = "[CP] Copy Pods Resources";
			outputPaths = (
				"${TARGET_BUILD_DIR}/${UNLOCALIZED_RESOURCES_FOLDER_PATH}/images.bundle",
			);
			runOnlyForDeploymentPostprocessing = 0;
			shellPath = /bin/sh;
			shellScript = "\"${SRCROOT}/Pods/Target Support Files/Pods-NYSCake_Demo/Pods-NYSCake_Demo-resources.sh\"\n";
			showEnvVarsInLog = 0;
		};
		CD1A63126CE9120E79B4CFE6 /* [CP] Check Pods Manifest.lock */ = {
			isa = PBXShellScriptBuildPhase;
			buildActionMask = 2147483647;
			files = (
			);
			inputPaths = (
				"${PODS_PODFILE_DIR_PATH}/Podfile.lock",
				"${PODS_ROOT}/Manifest.lock",
			);
			name = "[CP] Check Pods Manifest.lock";
			outputPaths = (
				"$(DERIVED_FILE_DIR)/Pods-NYSCake_DemoTests-checkManifestLockResult.txt",
			);
			runOnlyForDeploymentPostprocessing = 0;
			shellPath = /bin/sh;
			shellScript = "diff \"${PODS_PODFILE_DIR_PATH}/Podfile.lock\" \"${PODS_ROOT}/Manifest.lock\" > /dev/null\nif [ $? != 0 ] ; then\n    # print error to STDERR\n    echo \"error: The sandbox is not in sync with the Podfile.lock. Run 'pod install' or update your CocoaPods installation.\" >&2\n    exit 1\nfi\n# This output is used by Xcode 'outputs' to avoid re-running this script phase.\necho \"SUCCESS\" > \"${SCRIPT_OUTPUT_FILE_0}\"\n";
			showEnvVarsInLog = 0;
		};
/* End PBXShellScriptBuildPhase section */

/* Begin PBXSourcesBuildPhase section */
		C8ABF8312159C60D00F3D3E1 /* Sources */ = {
			isa = PBXSourcesBuildPhase;
			buildActionMask = 2147483647;
			files = (
				C8ABF8732159CB4000F3D3E1 /* NYSCSheelViewController.m in Sources */,
				C8ABF8482159C60E00F3D3E1 /* main.m in Sources */,
				C8ABF8782159CB5500F3D3E1 /* NYSCApplicationViewController.m in Sources */,
				C8ABF83A2159C60D00F3D3E1 /* AppDelegate.m in Sources */,
			);
			runOnlyForDeploymentPostprocessing = 0;
		};
		C8ABF8492159C60E00F3D3E1 /* Sources */ = {
			isa = PBXSourcesBuildPhase;
			buildActionMask = 2147483647;
			files = (
				C8ABF8522159C60E00F3D3E1 /* NYSCake_DemoTests.m in Sources */,
			);
			runOnlyForDeploymentPostprocessing = 0;
		};
/* End PBXSourcesBuildPhase section */

/* Begin PBXTargetDependency section */
		C8ABF84F2159C60E00F3D3E1 /* PBXTargetDependency */ = {
			isa = PBXTargetDependency;
			target = C8ABF8342159C60D00F3D3E1 /* NYSCake_Demo */;
			targetProxy = C8ABF84E2159C60E00F3D3E1 /* PBXContainerItemProxy */;
		};
/* End PBXTargetDependency section */

/* Begin PBXVariantGroup section */
		C8ABF83E2159C60D00F3D3E1 /* Main.storyboard */ = {
			isa = PBXVariantGroup;
			children = (
				C8ABF83F2159C60D00F3D3E1 /* Base */,
			);
			name = Main.storyboard;
			sourceTree = "<group>";
		};
		C8ABF8432159C60E00F3D3E1 /* LaunchScreen.storyboard */ = {
			isa = PBXVariantGroup;
			children = (
				C8ABF8442159C60E00F3D3E1 /* Base */,
			);
			name = LaunchScreen.storyboard;
			sourceTree = "<group>";
		};
/* End PBXVariantGroup section */

/* Begin XCBuildConfiguration section */
		C8ABF8542159C60E00F3D3E1 /* Debug */ = {
			isa = XCBuildConfiguration;
			buildSettings = {
				ALWAYS_SEARCH_USER_PATHS = NO;
				CLANG_ANALYZER_NONNULL = YES;
				CLANG_ANALYZER_NUMBER_OBJECT_CONVERSION = YES_AGGRESSIVE;
				CLANG_CXX_LANGUAGE_STANDARD = "gnu++14";
				CLANG_CXX_LIBRARY = "libc++";
				CLANG_ENABLE_MODULES = YES;
				CLANG_ENABLE_OBJC_ARC = YES;
				CLANG_ENABLE_OBJC_WEAK = YES;
				CLANG_WARN_BLOCK_CAPTURE_AUTORELEASING = YES;
				CLANG_WARN_BOOL_CONVERSION = YES;
				CLANG_WARN_COMMA = YES;
				CLANG_WARN_CONSTANT_CONVERSION = YES;
				CLANG_WARN_DEPRECATED_OBJC_IMPLEMENTATIONS = YES;
				CLANG_WARN_DIRECT_OBJC_ISA_USAGE = YES_ERROR;
				CLANG_WARN_DOCUMENTATION_COMMENTS = YES;
				CLANG_WARN_EMPTY_BODY = YES;
				CLANG_WARN_ENUM_CONVERSION = YES;
				CLANG_WARN_INFINITE_RECURSION = YES;
				CLANG_WARN_INT_CONVERSION = YES;
				CLANG_WARN_NON_LITERAL_NULL_CONVERSION = YES;
				CLANG_WARN_OBJC_IMPLICIT_RETAIN_SELF = YES;
				CLANG_WARN_OBJC_LITERAL_CONVERSION = YES;
				CLANG_WARN_OBJC_ROOT_CLASS = YES_ERROR;
				CLANG_WARN_RANGE_LOOP_ANALYSIS = YES;
				CLANG_WARN_STRICT_PROTOTYPES = YES;
				CLANG_WARN_SUSPICIOUS_MOVE = YES;
				CLANG_WARN_UNGUARDED_AVAILABILITY = YES_AGGRESSIVE;
				CLANG_WARN_UNREACHABLE_CODE = YES;
				CLANG_WARN__DUPLICATE_METHOD_MATCH = YES;
				CODE_SIGN_IDENTITY = "iPhone Developer";
				COPY_PHASE_STRIP = NO;
				DEBUG_INFORMATION_FORMAT = dwarf;
				ENABLE_STRICT_OBJC_MSGSEND = YES;
				ENABLE_TESTABILITY = YES;
				GCC_C_LANGUAGE_STANDARD = gnu11;
				GCC_DYNAMIC_NO_PIC = NO;
				GCC_NO_COMMON_BLOCKS = YES;
				GCC_OPTIMIZATION_LEVEL = 0;
				GCC_PREPROCESSOR_DEFINITIONS = (
					"DEBUG=1",
					"$(inherited)",
				);
				GCC_WARN_64_TO_32_BIT_CONVERSION = YES;
				GCC_WARN_ABOUT_RETURN_TYPE = YES_ERROR;
				GCC_WARN_UNDECLARED_SELECTOR = YES;
				GCC_WARN_UNINITIALIZED_AUTOS = YES_AGGRESSIVE;
				GCC_WARN_UNUSED_FUNCTION = YES;
				GCC_WARN_UNUSED_VARIABLE = YES;
				IPHONEOS_DEPLOYMENT_TARGET = 9.0;
				MTL_ENABLE_DEBUG_INFO = INCLUDE_SOURCE;
				MTL_FAST_MATH = YES;
				ONLY_ACTIVE_ARCH = YES;
				SDKROOT = iphoneos;
			};
			name = Debug;
		};
		C8ABF8552159C60E00F3D3E1 /* Release */ = {
			isa = XCBuildConfiguration;
			buildSettings = {
				ALWAYS_SEARCH_USER_PATHS = NO;
				CLANG_ANALYZER_NONNULL = YES;
				CLANG_ANALYZER_NUMBER_OBJECT_CONVERSION = YES_AGGRESSIVE;
				CLANG_CXX_LANGUAGE_STANDARD = "gnu++14";
				CLANG_CXX_LIBRARY = "libc++";
				CLANG_ENABLE_MODULES = YES;
				CLANG_ENABLE_OBJC_ARC = YES;
				CLANG_ENABLE_OBJC_WEAK = YES;
				CLANG_WARN_BLOCK_CAPTURE_AUTORELEASING = YES;
				CLANG_WARN_BOOL_CONVERSION = YES;
				CLANG_WARN_COMMA = YES;
				CLANG_WARN_CONSTANT_CONVERSION = YES;
				CLANG_WARN_DEPRECATED_OBJC_IMPLEMENTATIONS = YES;
				CLANG_WARN_DIRECT_OBJC_ISA_USAGE = YES_ERROR;
				CLANG_WARN_DOCUMENTATION_COMMENTS = YES;
				CLANG_WARN_EMPTY_BODY = YES;
				CLANG_WARN_ENUM_CONVERSION = YES;
				CLANG_WARN_INFINITE_RECURSION = YES;
				CLANG_WARN_INT_CONVERSION = YES;
				CLANG_WARN_NON_LITERAL_NULL_CONVERSION = YES;
				CLANG_WARN_OBJC_IMPLICIT_RETAIN_SELF = YES;
				CLANG_WARN_OBJC_LITERAL_CONVERSION = YES;
				CLANG_WARN_OBJC_ROOT_CLASS = YES_ERROR;
				CLANG_WARN_RANGE_LOOP_ANALYSIS = YES;
				CLANG_WARN_STRICT_PROTOTYPES = YES;
				CLANG_WARN_SUSPICIOUS_MOVE = YES;
				CLANG_WARN_UNGUARDED_AVAILABILITY = YES_AGGRESSIVE;
				CLANG_WARN_UNREACHABLE_CODE = YES;
				CLANG_WARN__DUPLICATE_METHOD_MATCH = YES;
				CODE_SIGN_IDENTITY = "iPhone Developer";
				COPY_PHASE_STRIP = NO;
				DEBUG_INFORMATION_FORMAT = "dwarf-with-dsym";
				ENABLE_NS_ASSERTIONS = NO;
				ENABLE_STRICT_OBJC_MSGSEND = YES;
				GCC_C_LANGUAGE_STANDARD = gnu11;
				GCC_NO_COMMON_BLOCKS = YES;
				GCC_WARN_64_TO_32_BIT_CONVERSION = YES;
				GCC_WARN_ABOUT_RETURN_TYPE = YES_ERROR;
				GCC_WARN_UNDECLARED_SELECTOR = YES;
				GCC_WARN_UNINITIALIZED_AUTOS = YES_AGGRESSIVE;
				GCC_WARN_UNUSED_FUNCTION = YES;
				GCC_WARN_UNUSED_VARIABLE = YES;
				IPHONEOS_DEPLOYMENT_TARGET = 9.0;
				MTL_ENABLE_DEBUG_INFO = NO;
				MTL_FAST_MATH = YES;
				SDKROOT = iphoneos;
				VALIDATE_PRODUCT = YES;
			};
			name = Release;
		};
		C8ABF8572159C60E00F3D3E1 /* Debug */ = {
			isa = XCBuildConfiguration;
			baseConfigurationReference = 9912D4030BDB8686A0AA8168 /* Pods-NYSCake_Demo.debug.xcconfig */;
			buildSettings = {
				ASSETCATALOG_COMPILER_APPICON_NAME = AppIcon;
				CODE_SIGN_STYLE = Automatic;
				DEVELOPMENT_TEAM = N92S3NU839;
				INFOPLIST_FILE = NYSCake_Demo/Info.plist;
				IPHONEOS_DEPLOYMENT_TARGET = 9.0;
				LD_RUNPATH_SEARCH_PATHS = (
					"$(inherited)",
					"@executable_path/Frameworks",
				);
				LIBRARY_SEARCH_PATHS = (
					"$(inherited)",
					"$(PROJECT_DIR)/NYSCake_Demo/NYSC",
				);
				PRODUCT_BUNDLE_IDENTIFIER = "NYS.NYSCake-Demo";
				PRODUCT_NAME = "$(TARGET_NAME)";
				TARGETED_DEVICE_FAMILY = "1,2";
			};
			name = Debug;
		};
		C8ABF8582159C60E00F3D3E1 /* Release */ = {
			isa = XCBuildConfiguration;
			baseConfigurationReference = EC3A70C787BF5676D7BE30CA /* Pods-NYSCake_Demo.release.xcconfig */;
			buildSettings = {
				ASSETCATALOG_COMPILER_APPICON_NAME = AppIcon;
				CODE_SIGN_STYLE = Automatic;
				DEVELOPMENT_TEAM = N92S3NU839;
				INFOPLIST_FILE = NYSCake_Demo/Info.plist;
				IPHONEOS_DEPLOYMENT_TARGET = 9.0;
				LD_RUNPATH_SEARCH_PATHS = (
					"$(inherited)",
					"@executable_path/Frameworks",
				);
				LIBRARY_SEARCH_PATHS = (
					"$(inherited)",
					"$(PROJECT_DIR)/NYSCake_Demo/NYSC",
				);
				PRODUCT_BUNDLE_IDENTIFIER = "NYS.NYSCake-Demo";
				PRODUCT_NAME = "$(TARGET_NAME)";
				TARGETED_DEVICE_FAMILY = "1,2";
			};
			name = Release;
		};
		C8ABF85A2159C60E00F3D3E1 /* Debug */ = {
			isa = XCBuildConfiguration;
			baseConfigurationReference = 0FA05448C9267F7C91B7F7B7 /* Pods-NYSCake_DemoTests.debug.xcconfig */;
			buildSettings = {
				BUNDLE_LOADER = "$(TEST_HOST)";
				CODE_SIGN_STYLE = Automatic;
				INFOPLIST_FILE = NYSCake_DemoTests/Info.plist;
				LD_RUNPATH_SEARCH_PATHS = (
					"$(inherited)",
					"@executable_path/Frameworks",
					"@loader_path/Frameworks",
				);
				PRODUCT_BUNDLE_IDENTIFIER = "NYS.NYSCake-DemoTests";
				PRODUCT_NAME = "$(TARGET_NAME)";
				TARGETED_DEVICE_FAMILY = "1,2";
				TEST_HOST = "$(BUILT_PRODUCTS_DIR)/NYSCake_Demo.app/NYSCake_Demo";
			};
			name = Debug;
		};
		C8ABF85B2159C60E00F3D3E1 /* Release */ = {
			isa = XCBuildConfiguration;
			baseConfigurationReference = 70AA5E327645D4B566B394F8 /* Pods-NYSCake_DemoTests.release.xcconfig */;
			buildSettings = {
				BUNDLE_LOADER = "$(TEST_HOST)";
				CODE_SIGN_STYLE = Automatic;
				INFOPLIST_FILE = NYSCake_DemoTests/Info.plist;
				LD_RUNPATH_SEARCH_PATHS = (
					"$(inherited)",
					"@executable_path/Frameworks",
					"@loader_path/Frameworks",
				);
				PRODUCT_BUNDLE_IDENTIFIER = "NYS.NYSCake-DemoTests";
				PRODUCT_NAME = "$(TARGET_NAME)";
				TARGETED_DEVICE_FAMILY = "1,2";
				TEST_HOST = "$(BUILT_PRODUCTS_DIR)/NYSCake_Demo.app/NYSCake_Demo";
			};
			name = Release;
		};
/* End XCBuildConfiguration section */

/* Begin XCConfigurationList section */
		C8ABF8302159C60D00F3D3E1 /* Build configuration list for PBXProject "NYSCake_Demo" */ = {
			isa = XCConfigurationList;
			buildConfigurations = (
				C8ABF8542159C60E00F3D3E1 /* Debug */,
				C8ABF8552159C60E00F3D3E1 /* Release */,
			);
			defaultConfigurationIsVisible = 0;
			defaultConfigurationName = Release;
		};
		C8ABF8562159C60E00F3D3E1 /* Build configuration list for PBXNativeTarget "NYSCake_Demo" */ = {
			isa = XCConfigurationList;
			buildConfigurations = (
				C8ABF8572159C60E00F3D3E1 /* Debug */,
				C8ABF8582159C60E00F3D3E1 /* Release */,
			);
			defaultConfigurationIsVisible = 0;
			defaultConfigurationName = Release;
		};
		C8ABF8592159C60E00F3D3E1 /* Build configuration list for PBXNativeTarget "NYSCake_DemoTests" */ = {
			isa = XCConfigurationList;
			buildConfigurations = (
				C8ABF85A2159C60E00F3D3E1 /* Debug */,
				C8ABF85B2159C60E00F3D3E1 /* Release */,
			);
			defaultConfigurationIsVisible = 0;
			defaultConfigurationName = Release;
		};
/* End XCConfigurationList section */
	};
	rootObject = C8ABF82D2159C60D00F3D3E1 /* Project object */;
}
